
Microsoft Visual Studio Solution File, Format Version 12.00
# Visual Studio 15
Project("{FAE04EC0-301F-11D3-BF4B-00C04F79EFBC}") = "Meta.WitAi.Conduit", "Meta.WitAi.Conduit.csproj", "{758427B3-6D37-7314-2450-E661BB699DE3}"
EndProject
Project("{FAE04EC0-301F-11D3-BF4B-00C04F79EFBC}") = "Oculus.VR", "Oculus.VR.csproj", "{3C0FFEA3-2F19-E29D-DA53-9EE173927792}"
EndProject
Project("{FAE04EC0-301F-11D3-BF4B-00C04F79EFBC}") = "Oculus.Interaction", "Oculus.Interaction.csproj", "{A7A5D1E1-DC0C-F047-98C1-E63832FB8009}"
EndProject
Project("{FAE04EC0-301F-11D3-BF4B-00C04F79EFBC}") = "Oculus.Interaction.Editor", "Oculus.Interaction.Editor.csproj", "{86314218-1F31-2394-3FB9-4CDFE3B77777}"
EndProject
Project("{FAE04EC0-301F-11D3-BF4B-00C04F79EFBC}") = "Oculus.Platform", "Oculus.Platform.csproj", "{F8707B21-9014-BE72-4759-4119F268B8BE}"
EndProject
Project("{FAE04EC0-301F-11D3-BF4B-00C04F79EFBC}") = "VoiceSDK.Telemetry", "VoiceSDK.Telemetry.csproj", "{06EFFE77-45BB-19E2-6E83-329BF74AD242}"
EndProject
Project("{FAE04EC0-301F-11D3-BF4B-00C04F79EFBC}") = "Assembly-CSharp", "Assembly-CSharp.csproj", "{0473F8FE-51B2-28DB-EF22-7F788D380515}"
EndProject
Project("{FAE04EC0-301F-11D3-BF4B-00C04F79EFBC}") = "Oculus.Interaction.OVR.Samples", "Oculus.Interaction.OVR.Samples.csproj", "{16FFD4AE-5C5A-DA94-8900-CE4E84B89614}"
EndProject
Project("{FAE04EC0-301F-11D3-BF4B-00C04F79EFBC}") = "Meta.WitAi.Lib", "Meta.WitAi.Lib.csproj", "{B07D2912-BB20-974A-7F7D-476DEC64847B}"
EndProject
Project("{FAE04EC0-301F-11D3-BF4B-00C04F79EFBC}") = "Meta.WitAi.Editor", "Meta.WitAi.Editor.csproj", "{7F509E06-392D-78A7-5595-55FD40DF4E87}"
EndProject
Project("{FAE04EC0-301F-11D3-BF4B-00C04F79EFBC}") = "Meta.WitAi.Conduit.Editor", "Meta.WitAi.Conduit.Editor.csproj", "{FEEC1A6A-0B6A-DC07-08A6-6D98C6258AE8}"
EndProject
Project("{FAE04EC0-301F-11D3-BF4B-00C04F79EFBC}") = "Meta.WitAi", "Meta.WitAi.csproj", "{AEC8D86D-7FF2-DA10-2F1E-17F201300570}"
EndProject
Project("{FAE04EC0-301F-11D3-BF4B-00C04F79EFBC}") = "Oculus.VR.Editor", "Oculus.VR.Editor.csproj", "{47CD106A-95A5-4DE3-A206-747EE9E5107C}"
EndProject
Project("{FAE04EC0-301F-11D3-BF4B-00C04F79EFBC}") = "Oculus.Interaction.OVR.Editor", "Oculus.Interaction.OVR.Editor.csproj", "{79F755B4-EC11-1A7D-A00A-309487A11763}"
EndProject
Project("{FAE04EC0-301F-11D3-BF4B-00C04F79EFBC}") = "Oculus.LipSync", "Oculus.LipSync.csproj", "{E38FB3D5-F790-E736-E1CF-3438F18726B5}"
EndProject
Project("{FAE04EC0-301F-11D3-BF4B-00C04F79EFBC}") = "Oculus.Interaction.OVR", "Oculus.Interaction.OVR.csproj", "{55472F4D-2817-A970-F63C-20EF194E09E5}"
EndProject
Project("{FAE04EC0-301F-11D3-BF4B-00C04F79EFBC}") = "VoiceSDK.Editor", "VoiceSDK.Editor.csproj", "{2462F352-9A8A-B824-C5DC-8A22567CE547}"
EndProject
Project("{FAE04EC0-301F-11D3-BF4B-00C04F79EFBC}") = "Meta.WitAI.Lib.Editor", "Meta.WitAI.Lib.Editor.csproj", "{16E7CFD3-1063-44D4-7FDD-318DBA99A072}"
EndProject
Project("{FAE04EC0-301F-11D3-BF4B-00C04F79EFBC}") = "Bhaptics.SDK2", "Bhaptics.SDK2.csproj", "{23BFD744-373F-4469-F984-A68D3DAB9051}"
EndProject
Project("{FAE04EC0-301F-11D3-BF4B-00C04F79EFBC}") = "Oculus.AudioManager", "Oculus.AudioManager.csproj", "{3B3B27D2-4886-2905-EA15-ED797C509B69}"
EndProject
Project("{FAE04EC0-301F-11D3-BF4B-00C04F79EFBC}") = "Meta.Voice.Samples.BuiltInTimer", "Meta.Voice.Samples.BuiltInTimer.csproj", "{E6590E59-029C-0C10-CEB0-514046787562}"
EndProject
Project("{FAE04EC0-301F-11D3-BF4B-00C04F79EFBC}") = "Bhaptics.SDK2.Editor", "Bhaptics.SDK2.Editor.csproj", "{ECF228B5-93DD-72B1-6C66-FAFEA6CFDA20}"
EndProject
Project("{FAE04EC0-301F-11D3-BF4B-00C04F79EFBC}") = "Meta.XR.BuildingBlocks.Editor", "Meta.XR.BuildingBlocks.Editor.csproj", "{1EFB9119-3E02-E3DD-9158-1FA4FB065105}"
EndProject
Project("{FAE04EC0-301F-11D3-BF4B-00C04F79EFBC}") = "Meta.Voice.VSDKHub.Editor", "Meta.Voice.VSDKHub.Editor.csproj", "{51639AE7-F0EA-AFE4-63B0-D048C28CA400}"
EndProject
Project("{FAE04EC0-301F-11D3-BF4B-00C04F79EFBC}") = "VoiceSDK.Dictation.Runtime", "VoiceSDK.Dictation.Runtime.csproj", "{87CE878A-7C28-F5A4-F51B-3D3969398004}"
EndProject
Project("{FAE04EC0-301F-11D3-BF4B-00C04F79EFBC}") = "Meta.WitAi.TTS", "Meta.WitAi.TTS.csproj", "{00EBE609-5D21-4C37-9838-8CFA82031038}"
EndProject
Project("{FAE04EC0-301F-11D3-BF4B-00C04F79EFBC}") = "AssistantCoreSDKRuntime", "AssistantCoreSDKRuntime.csproj", "{C582E81F-4872-E156-1C05-F5E1AE19F01C}"
EndProject
Project("{FAE04EC0-301F-11D3-BF4B-00C04F79EFBC}") = "Assembly-CSharp-Editor", "Assembly-CSharp-Editor.csproj", "{6D8A3CFE-8434-0CA4-3423-E4208C632E01}"
EndProject
Project("{FAE04EC0-301F-11D3-BF4B-00C04F79EFBC}") = "Meta.Voice.Samples.TTSVoices", "Meta.Voice.Samples.TTSVoices.csproj", "{CADFA1FC-24A6-E7C0-8AD0-9104FD38742F}"
EndProject
Project("{FAE04EC0-301F-11D3-BF4B-00C04F79EFBC}") = "VoiceSDK.Runtime", "VoiceSDK.Runtime.csproj", "{56378656-CE38-1575-67CA-86C9D9908539}"
EndProject
Project("{FAE04EC0-301F-11D3-BF4B-00C04F79EFBC}") = "Oculus.VR.Scripts.Editor", "Oculus.VR.Scripts.Editor.csproj", "{9D096E9A-4EBE-843D-F373-66CEC09BFC83}"
EndProject
Project("{FAE04EC0-301F-11D3-BF4B-00C04F79EFBC}") = "Meta.Voice.Samples.LightTraits", "Meta.Voice.Samples.LightTraits.csproj", "{4158AB6D-DF35-DF82-B007-0F3E352DEF8C}"
EndProject
Project("{FAE04EC0-301F-11D3-BF4B-00C04F79EFBC}") = "Meta.Voice.Hub.Editor", "Meta.Voice.Hub.Editor.csproj", "{EF0E12EA-D253-AA88-2384-7F87EAECE7CF}"
EndProject
Project("{FAE04EC0-301F-11D3-BF4B-00C04F79EFBC}") = "Oculus.Interaction.Samples.Editor", "Oculus.Interaction.Samples.Editor.csproj", "{598888E4-0879-4E0B-5FBA-5634AB0677F8}"
EndProject
Project("{FAE04EC0-301F-11D3-BF4B-00C04F79EFBC}") = "Meta.WitAi.TTS.Editor", "Meta.WitAi.TTS.Editor.csproj", "{BB0C3FDD-E79C-7E13-F8CA-30BF0C033BEE}"
EndProject
Project("{FAE04EC0-301F-11D3-BF4B-00C04F79EFBC}") = "Meta.XR.BuildingBlocks", "Meta.XR.BuildingBlocks.csproj", "{3EFE283F-63B5-CE98-73FD-22759B5D7677}"
EndProject
Project("{FAE04EC0-301F-11D3-BF4B-00C04F79EFBC}") = "Oculus.Platform.Editor", "Oculus.Platform.Editor.csproj", "{788DC7C3-46F4-405F-D9EC-C376437CEB0E}"
EndProject
Project("{FAE04EC0-301F-11D3-BF4B-00C04F79EFBC}") = "Facebook.Wit.Dictation", "Facebook.Wit.Dictation.csproj", "{86418FC1-7F2A-8A53-B989-35639DE09FE2}"
EndProject
Project("{FAE04EC0-301F-11D3-BF4B-00C04F79EFBC}") = "Oculus.Spatializer.Editor", "Oculus.Spatializer.Editor.csproj", "{CE08A2D9-0484-45F1-AFE8-A6527C09EE37}"
EndProject
Project("{FAE04EC0-301F-11D3-BF4B-00C04F79EFBC}") = "Oculus.LipSync.Editor", "Oculus.LipSync.Editor.csproj", "{7B27618F-6D1F-1E17-C9CC-59E8FAC42654}"
EndProject
Project("{FAE04EC0-301F-11D3-BF4B-00C04F79EFBC}") = "Oculus.AudioManager.Utils.Editor", "Oculus.AudioManager.Utils.Editor.csproj", "{4522043B-D11C-FF28-3F60-F6C4235CD026}"
EndProject
Project("{FAE04EC0-301F-11D3-BF4B-00C04F79EFBC}") = "Meta.VoiceSDK.Mic.Common", "Meta.VoiceSDK.Mic.Common.csproj", "{92C5D375-37C4-5EF8-E49E-E153DF6C560E}"
EndProject
Project("{FAE04EC0-301F-11D3-BF4B-00C04F79EFBC}") = "Meta.Voice.Samples.ShapesConduit", "Meta.Voice.Samples.ShapesConduit.csproj", "{242E6113-8836-9F98-66C7-3EB1C5759A6A}"
EndProject
Project("{FAE04EC0-301F-11D3-BF4B-00C04F79EFBC}") = "Oculus.Spatializer", "Oculus.Spatializer.csproj", "{9D8E635B-A028-DA26-C16B-C2568B65692D}"
EndProject
Project("{FAE04EC0-301F-11D3-BF4B-00C04F79EFBC}") = "Meta.VoiceSDK.Mic.Other", "Meta.VoiceSDK.Mic.Other.csproj", "{A2C1620D-A807-5B8B-9E3A-8A176CB864AD}"
EndProject
Project("{FAE04EC0-301F-11D3-BF4B-00C04F79EFBC}") = "Oculus.Interaction.InterfaceSupport", "Oculus.Interaction.InterfaceSupport.csproj", "{4D532537-0CEF-4517-EFD9-DA842F85EECD}"
EndProject
Project("{FAE04EC0-301F-11D3-BF4B-00C04F79EFBC}") = "Oculus.AudioManager.Audio.Editor", "Oculus.AudioManager.Audio.Editor.csproj", "{D69F2F38-C7E9-0221-A71F-6B856B595D34}"
EndProject
Project("{FAE04EC0-301F-11D3-BF4B-00C04F79EFBC}") = "Meta.Voice.Samples.LiveUnderstanding", "Meta.Voice.Samples.LiveUnderstanding.csproj", "{F1211284-2292-F1D6-C30E-E40171BED2A3}"
EndProject
Project("{FAE04EC0-301F-11D3-BF4B-00C04F79EFBC}") = "VoiceSDK.Dictation.Editor", "VoiceSDK.Dictation.Editor.csproj", "{6068961A-FAD6-9433-62D0-64F8D29F169E}"
EndProject
Project("{FAE04EC0-301F-11D3-BF4B-00C04F79EFBC}") = "AssistantCoreSDKEditor", "AssistantCoreSDKEditor.csproj", "{E1C69652-EA46-E74B-6875-E1DD40DE10BA}"
EndProject
Project("{FAE04EC0-301F-11D3-BF4B-00C04F79EFBC}") = "Meta.VoiceSDK.Mic.WebGL", "Meta.VoiceSDK.Mic.WebGL.csproj", "{1FDEEFB3-543D-A413-C933-D37B3C0FE195}"
EndProject
Project("{FAE04EC0-301F-11D3-BF4B-00C04F79EFBC}") = "Meta.Voice.Hub.Runtime", "Meta.Voice.Hub.Runtime.csproj", "{5219CBC7-ADBE-B482-43E3-A00B591E5B26}"
EndProject
Project("{FAE04EC0-301F-11D3-BF4B-00C04F79EFBC}") = "Meta.Voice.Samples.Chess", "Meta.Voice.Samples.Chess.csproj", "{84370077-0A98-0168-5F3A-B2EA0FDE5FD3}"
EndProject
Project("{FAE04EC0-301F-11D3-BF4B-00C04F79EFBC}") = "Meta.Voice.Samples.Dictation", "Meta.Voice.Samples.Dictation.csproj", "{9A3C2E9E-1AB0-4292-3E5B-9D7521A5D925}"
EndProject
Project("{FAE04EC0-301F-11D3-BF4B-00C04F79EFBC}") = "Meta.Voice.Samples.Shapes", "Meta.Voice.Samples.Shapes.csproj", "{44233360-0FF1-351B-A154-A6FC1E1ADF7D}"
EndProject
Project("{FAE04EC0-301F-11D3-BF4B-00C04F79EFBC}") = "Facebook.Wit.Dictation.Editor", "Facebook.Wit.Dictation.Editor.csproj", "{D5E35011-0AC9-692E-2191-D834936D7E90}"
EndProject
Global
	GlobalSection(SolutionConfigurationPlatforms) = preSolution
		Debug|Any CPU = Debug|Any CPU
		Release|Any CPU = Release|Any CPU
	EndGlobalSection
	GlobalSection(ProjectConfigurationPlatforms) = postSolution
		{758427B3-6D37-7314-2450-E661BB699DE3}.Debug|Any CPU.ActiveCfg = Debug|Any CPU
		{758427B3-6D37-7314-2450-E661BB699DE3}.Debug|Any CPU.Build.0 = Debug|Any CPU
		{758427B3-6D37-7314-2450-E661BB699DE3}.Release|Any CPU.ActiveCfg = Release|Any CPU
		{758427B3-6D37-7314-2450-E661BB699DE3}.Release|Any CPU.Build.0 = Release|Any CPU
		{3C0FFEA3-2F19-E29D-DA53-9EE173927792}.Debug|Any CPU.ActiveCfg = Debug|Any CPU
		{3C0FFEA3-2F19-E29D-DA53-9EE173927792}.Debug|Any CPU.Build.0 = Debug|Any CPU
		{3C0FFEA3-2F19-E29D-DA53-9EE173927792}.Release|Any CPU.ActiveCfg = Release|Any CPU
		{3C0FFEA3-2F19-E29D-DA53-9EE173927792}.Release|Any CPU.Build.0 = Release|Any CPU
		{A7A5D1E1-DC0C-F047-98C1-E63832FB8009}.Debug|Any CPU.ActiveCfg = Debug|Any CPU
		{A7A5D1E1-DC0C-F047-98C1-E63832FB8009}.Debug|Any CPU.Build.0 = Debug|Any CPU
		{A7A5D1E1-DC0C-F047-98C1-E63832FB8009}.Release|Any CPU.ActiveCfg = Release|Any CPU
		{A7A5D1E1-DC0C-F047-98C1-E63832FB8009}.Release|Any CPU.Build.0 = Release|Any CPU
		{86314218-1F31-2394-3FB9-4CDFE3B77777}.Debug|Any CPU.ActiveCfg = Debug|Any CPU
		{86314218-1F31-2394-3FB9-4CDFE3B77777}.Debug|Any CPU.Build.0 = Debug|Any CPU
		{86314218-1F31-2394-3FB9-4CDFE3B77777}.Release|Any CPU.ActiveCfg = Release|Any CPU
		{86314218-1F31-2394-3FB9-4CDFE3B77777}.Release|Any CPU.Build.0 = Release|Any CPU
		{F8707B21-9014-BE72-4759-4119F268B8BE}.Debug|Any CPU.ActiveCfg = Debug|Any CPU
		{F8707B21-9014-BE72-4759-4119F268B8BE}.Debug|Any CPU.Build.0 = Debug|Any CPU
		{F8707B21-9014-BE72-4759-4119F268B8BE}.Release|Any CPU.ActiveCfg = Release|Any CPU
		{F8707B21-9014-BE72-4759-4119F268B8BE}.Release|Any CPU.Build.0 = Release|Any CPU
		{06EFFE77-45BB-19E2-6E83-329BF74AD242}.Debug|Any CPU.ActiveCfg = Debug|Any CPU
		{06EFFE77-45BB-19E2-6E83-329BF74AD242}.Debug|Any CPU.Build.0 = Debug|Any CPU
		{06EFFE77-45BB-19E2-6E83-329BF74AD242}.Release|Any CPU.ActiveCfg = Release|Any CPU
		{06EFFE77-45BB-19E2-6E83-329BF74AD242}.Release|Any CPU.Build.0 = Release|Any CPU
		{0473F8FE-51B2-28DB-EF22-7F788D380515}.Debug|Any CPU.ActiveCfg = Debug|Any CPU
		{0473F8FE-51B2-28DB-EF22-7F788D380515}.Debug|Any CPU.Build.0 = Debug|Any CPU
		{0473F8FE-51B2-28DB-EF22-7F788D380515}.Release|Any CPU.ActiveCfg = Release|Any CPU
		{0473F8FE-51B2-28DB-EF22-7F788D380515}.Release|Any CPU.Build.0 = Release|Any CPU
		{16FFD4AE-5C5A-DA94-8900-CE4E84B89614}.Debug|Any CPU.ActiveCfg = Debug|Any CPU
		{16FFD4AE-5C5A-DA94-8900-CE4E84B89614}.Debug|Any CPU.Build.0 = Debug|Any CPU
		{16FFD4AE-5C5A-DA94-8900-CE4E84B89614}.Release|Any CPU.ActiveCfg = Release|Any CPU
		{16FFD4AE-5C5A-DA94-8900-CE4E84B89614}.Release|Any CPU.Build.0 = Release|Any CPU
		{B07D2912-BB20-974A-7F7D-476DEC64847B}.Debug|Any CPU.ActiveCfg = Debug|Any CPU
		{B07D2912-BB20-974A-7F7D-476DEC64847B}.Debug|Any CPU.Build.0 = Debug|Any CPU
		{B07D2912-BB20-974A-7F7D-476DEC64847B}.Release|Any CPU.ActiveCfg = Release|Any CPU
		{B07D2912-BB20-974A-7F7D-476DEC64847B}.Release|Any CPU.Build.0 = Release|Any CPU
		{7F509E06-392D-78A7-5595-55FD40DF4E87}.Debug|Any CPU.ActiveCfg = Debug|Any CPU
		{7F509E06-392D-78A7-5595-55FD40DF4E87}.Debug|Any CPU.Build.0 = Debug|Any CPU
		{7F509E06-392D-78A7-5595-55FD40DF4E87}.Release|Any CPU.ActiveCfg = Release|Any CPU
		{7F509E06-392D-78A7-5595-55FD40DF4E87}.Release|Any CPU.Build.0 = Release|Any CPU
		{FEEC1A6A-0B6A-DC07-08A6-6D98C6258AE8}.Debug|Any CPU.ActiveCfg = Debug|Any CPU
		{FEEC1A6A-0B6A-DC07-08A6-6D98C6258AE8}.Debug|Any CPU.Build.0 = Debug|Any CPU
		{FEEC1A6A-0B6A-DC07-08A6-6D98C6258AE8}.Release|Any CPU.ActiveCfg = Release|Any CPU
		{FEEC1A6A-0B6A-DC07-08A6-6D98C6258AE8}.Release|Any CPU.Build.0 = Release|Any CPU
		{AEC8D86D-7FF2-DA10-2F1E-17F201300570}.Debug|Any CPU.ActiveCfg = Debug|Any CPU
		{AEC8D86D-7FF2-DA10-2F1E-17F201300570}.Debug|Any CPU.Build.0 = Debug|Any CPU
		{AEC8D86D-7FF2-DA10-2F1E-17F201300570}.Release|Any CPU.ActiveCfg = Release|Any CPU
		{AEC8D86D-7FF2-DA10-2F1E-17F201300570}.Release|Any CPU.Build.0 = Release|Any CPU
		{47CD106A-95A5-4DE3-A206-747EE9E5107C}.Debug|Any CPU.ActiveCfg = Debug|Any CPU
		{47CD106A-95A5-4DE3-A206-747EE9E5107C}.Debug|Any CPU.Build.0 = Debug|Any CPU
		{47CD106A-95A5-4DE3-A206-747EE9E5107C}.Release|Any CPU.ActiveCfg = Release|Any CPU
		{47CD106A-95A5-4DE3-A206-747EE9E5107C}.Release|Any CPU.Build.0 = Release|Any CPU
		{79F755B4-EC11-1A7D-A00A-309487A11763}.Debug|Any CPU.ActiveCfg = Debug|Any CPU
		{79F755B4-EC11-1A7D-A00A-309487A11763}.Debug|Any CPU.Build.0 = Debug|Any CPU
		{79F755B4-EC11-1A7D-A00A-309487A11763}.Release|Any CPU.ActiveCfg = Release|Any CPU
		{79F755B4-EC11-1A7D-A00A-309487A11763}.Release|Any CPU.Build.0 = Release|Any CPU
		{E38FB3D5-F790-E736-E1CF-3438F18726B5}.Debug|Any CPU.ActiveCfg = Debug|Any CPU
		{E38FB3D5-F790-E736-E1CF-3438F18726B5}.Debug|Any CPU.Build.0 = Debug|Any CPU
		{E38FB3D5-F790-E736-E1CF-3438F18726B5}.Release|Any CPU.ActiveCfg = Release|Any CPU
		{E38FB3D5-F790-E736-E1CF-3438F18726B5}.Release|Any CPU.Build.0 = Release|Any CPU
		{55472F4D-2817-A970-F63C-20EF194E09E5}.Debug|Any CPU.ActiveCfg = Debug|Any CPU
		{55472F4D-2817-A970-F63C-20EF194E09E5}.Debug|Any CPU.Build.0 = Debug|Any CPU
		{55472F4D-2817-A970-F63C-20EF194E09E5}.Release|Any CPU.ActiveCfg = Release|Any CPU
		{55472F4D-2817-A970-F63C-20EF194E09E5}.Release|Any CPU.Build.0 = Release|Any CPU
		{2462F352-9A8A-B824-C5DC-8A22567CE547}.Debug|Any CPU.ActiveCfg = Debug|Any CPU
		{2462F352-9A8A-B824-C5DC-8A22567CE547}.Debug|Any CPU.Build.0 = Debug|Any CPU
		{2462F352-9A8A-B824-C5DC-8A22567CE547}.Release|Any CPU.ActiveCfg = Release|Any CPU
		{2462F352-9A8A-B824-C5DC-8A22567CE547}.Release|Any CPU.Build.0 = Release|Any CPU
		{16E7CFD3-1063-44D4-7FDD-318DBA99A072}.Debug|Any CPU.ActiveCfg = Debug|Any CPU
		{16E7CFD3-1063-44D4-7FDD-318DBA99A072}.Debug|Any CPU.Build.0 = Debug|Any CPU
		{16E7CFD3-1063-44D4-7FDD-318DBA99A072}.Release|Any CPU.ActiveCfg = Release|Any CPU
		{16E7CFD3-1063-44D4-7FDD-318DBA99A072}.Release|Any CPU.Build.0 = Release|Any CPU
		{23BFD744-373F-4469-F984-A68D3DAB9051}.Debug|Any CPU.ActiveCfg = Debug|Any CPU
		{23BFD744-373F-4469-F984-A68D3DAB9051}.Debug|Any CPU.Build.0 = Debug|Any CPU
		{23BFD744-373F-4469-F984-A68D3DAB9051}.Release|Any CPU.ActiveCfg = Release|Any CPU
		{23BFD744-373F-4469-F984-A68D3DAB9051}.Release|Any CPU.Build.0 = Release|Any CPU
		{3B3B27D2-4886-2905-EA15-ED797C509B69}.Debug|Any CPU.ActiveCfg = Debug|Any CPU
		{3B3B27D2-4886-2905-EA15-ED797C509B69}.Debug|Any CPU.Build.0 = Debug|Any CPU
		{3B3B27D2-4886-2905-EA15-ED797C509B69}.Release|Any CPU.ActiveCfg = Release|Any CPU
		{3B3B27D2-4886-2905-EA15-ED797C509B69}.Release|Any CPU.Build.0 = Release|Any CPU
		{E6590E59-029C-0C10-CEB0-514046787562}.Debug|Any CPU.ActiveCfg = Debug|Any CPU
		{E6590E59-029C-0C10-CEB0-514046787562}.Debug|Any CPU.Build.0 = Debug|Any CPU
		{E6590E59-029C-0C10-CEB0-514046787562}.Release|Any CPU.ActiveCfg = Release|Any CPU
		{E6590E59-029C-0C10-CEB0-514046787562}.Release|Any CPU.Build.0 = Release|Any CPU
		{ECF228B5-93DD-72B1-6C66-FAFEA6CFDA20}.Debug|Any CPU.ActiveCfg = Debug|Any CPU
		{ECF228B5-93DD-72B1-6C66-FAFEA6CFDA20}.Debug|Any CPU.Build.0 = Debug|Any CPU
		{ECF228B5-93DD-72B1-6C66-FAFEA6CFDA20}.Release|Any CPU.ActiveCfg = Release|Any CPU
		{ECF228B5-93DD-72B1-6C66-FAFEA6CFDA20}.Release|Any CPU.Build.0 = Release|Any CPU
		{1EFB9119-3E02-E3DD-9158-1FA4FB065105}.Debug|Any CPU.ActiveCfg = Debug|Any CPU
		{1EFB9119-3E02-E3DD-9158-1FA4FB065105}.Debug|Any CPU.Build.0 = Debug|Any CPU
		{1EFB9119-3E02-E3DD-9158-1FA4FB065105}.Release|Any CPU.ActiveCfg = Release|Any CPU
		{1EFB9119-3E02-E3DD-9158-1FA4FB065105}.Release|Any CPU.Build.0 = Release|Any CPU
		{51639AE7-F0EA-AFE4-63B0-D048C28CA400}.Debug|Any CPU.ActiveCfg = Debug|Any CPU
		{51639AE7-F0EA-AFE4-63B0-D048C28CA400}.Debug|Any CPU.Build.0 = Debug|Any CPU
		{51639AE7-F0EA-AFE4-63B0-D048C28CA400}.Release|Any CPU.ActiveCfg = Release|Any CPU
		{51639AE7-F0EA-AFE4-63B0-D048C28CA400}.Release|Any CPU.Build.0 = Release|Any CPU
		{87CE878A-7C28-F5A4-F51B-3D3969398004}.Debug|Any CPU.ActiveCfg = Debug|Any CPU
		{87CE878A-7C28-F5A4-F51B-3D3969398004}.Debug|Any CPU.Build.0 = Debug|Any CPU
		{87CE878A-7C28-F5A4-F51B-3D3969398004}.Release|Any CPU.ActiveCfg = Release|Any CPU
		{87CE878A-7C28-F5A4-F51B-3D3969398004}.Release|Any CPU.Build.0 = Release|Any CPU
		{00EBE609-5D21-4C37-9838-8CFA82031038}.Debug|Any CPU.ActiveCfg = Debug|Any CPU
		{00EBE609-5D21-4C37-9838-8CFA82031038}.Debug|Any CPU.Build.0 = Debug|Any CPU
		{00EBE609-5D21-4C37-9838-8CFA82031038}.Release|Any CPU.ActiveCfg = Release|Any CPU
		{00EBE609-5D21-4C37-9838-8CFA82031038}.Release|Any CPU.Build.0 = Release|Any CPU
		{C582E81F-4872-E156-1C05-F5E1AE19F01C}.Debug|Any CPU.ActiveCfg = Debug|Any CPU
		{C582E81F-4872-E156-1C05-F5E1AE19F01C}.Debug|Any CPU.Build.0 = Debug|Any CPU
		{C582E81F-4872-E156-1C05-F5E1AE19F01C}.Release|Any CPU.ActiveCfg = Release|Any CPU
		{C582E81F-4872-E156-1C05-F5E1AE19F01C}.Release|Any CPU.Build.0 = Release|Any CPU
		{6D8A3CFE-8434-0CA4-3423-E4208C632E01}.Debug|Any CPU.ActiveCfg = Debug|Any CPU
		{6D8A3CFE-8434-0CA4-3423-E4208C632E01}.Debug|Any CPU.Build.0 = Debug|Any CPU
		{6D8A3CFE-8434-0CA4-3423-E4208C632E01}.Release|Any CPU.ActiveCfg = Release|Any CPU
		{6D8A3CFE-8434-0CA4-3423-E4208C632E01}.Release|Any CPU.Build.0 = Release|Any CPU
		{CADFA1FC-24A6-E7C0-8AD0-9104FD38742F}.Debug|Any CPU.ActiveCfg = Debug|Any CPU
		{CADFA1FC-24A6-E7C0-8AD0-9104FD38742F}.Debug|Any CPU.Build.0 = Debug|Any CPU
		{CADFA1FC-24A6-E7C0-8AD0-9104FD38742F}.Release|Any CPU.ActiveCfg = Release|Any CPU
		{CADFA1FC-24A6-E7C0-8AD0-9104FD38742F}.Release|Any CPU.Build.0 = Release|Any CPU
		{56378656-CE38-1575-67CA-86C9D9908539}.Debug|Any CPU.ActiveCfg = Debug|Any CPU
		{56378656-CE38-1575-67CA-86C9D9908539}.Debug|Any CPU.Build.0 = Debug|Any CPU
		{56378656-CE38-1575-67CA-86C9D9908539}.Release|Any CPU.ActiveCfg = Release|Any CPU
		{56378656-CE38-1575-67CA-86C9D9908539}.Release|Any CPU.Build.0 = Release|Any CPU
		{9D096E9A-4EBE-843D-F373-66CEC09BFC83}.Debug|Any CPU.ActiveCfg = Debug|Any CPU
		{9D096E9A-4EBE-843D-F373-66CEC09BFC83}.Debug|Any CPU.Build.0 = Debug|Any CPU
		{9D096E9A-4EBE-843D-F373-66CEC09BFC83}.Release|Any CPU.ActiveCfg = Release|Any CPU
		{9D096E9A-4EBE-843D-F373-66CEC09BFC83}.Release|Any CPU.Build.0 = Release|Any CPU
		{4158AB6D-DF35-DF82-B007-0F3E352DEF8C}.Debug|Any CPU.ActiveCfg = Debug|Any CPU
		{4158AB6D-DF35-DF82-B007-0F3E352DEF8C}.Debug|Any CPU.Build.0 = Debug|Any CPU
		{4158AB6D-DF35-DF82-B007-0F3E352DEF8C}.Release|Any CPU.ActiveCfg = Release|Any CPU
		{4158AB6D-DF35-DF82-B007-0F3E352DEF8C}.Release|Any CPU.Build.0 = Release|Any CPU
		{EF0E12EA-D253-AA88-2384-7F87EAECE7CF}.Debug|Any CPU.ActiveCfg = Debug|Any CPU
		{EF0E12EA-D253-AA88-2384-7F87EAECE7CF}.Debug|Any CPU.Build.0 = Debug|Any CPU
		{EF0E12EA-D253-AA88-2384-7F87EAECE7CF}.Release|Any CPU.ActiveCfg = Release|Any CPU
		{EF0E12EA-D253-AA88-2384-7F87EAECE7CF}.Release|Any CPU.Build.0 = Release|Any CPU
		{598888E4-0879-4E0B-5FBA-5634AB0677F8}.Debug|Any CPU.ActiveCfg = Debug|Any CPU
		{598888E4-0879-4E0B-5FBA-5634AB0677F8}.Debug|Any CPU.Build.0 = Debug|Any CPU
		{598888E4-0879-4E0B-5FBA-5634AB0677F8}.Release|Any CPU.ActiveCfg = Release|Any CPU
		{598888E4-0879-4E0B-5FBA-5634AB0677F8}.Release|Any CPU.Build.0 = Release|Any CPU
		{BB0C3FDD-E79C-7E13-F8CA-30BF0C033BEE}.Debug|Any CPU.ActiveCfg = Debug|Any CPU
		{BB0C3FDD-E79C-7E13-F8CA-30BF0C033BEE}.Debug|Any CPU.Build.0 = Debug|Any CPU
		{BB0C3FDD-E79C-7E13-F8CA-30BF0C033BEE}.Release|Any CPU.ActiveCfg = Release|Any CPU
		{BB0C3FDD-E79C-7E13-F8CA-30BF0C033BEE}.Release|Any CPU.Build.0 = Release|Any CPU
		{3EFE283F-63B5-CE98-73FD-22759B5D7677}.Debug|Any CPU.ActiveCfg = Debug|Any CPU
		{3EFE283F-63B5-CE98-73FD-22759B5D7677}.Debug|Any CPU.Build.0 = Debug|Any CPU
		{3EFE283F-63B5-CE98-73FD-22759B5D7677}.Release|Any CPU.ActiveCfg = Release|Any CPU
		{3EFE283F-63B5-CE98-73FD-22759B5D7677}.Release|Any CPU.Build.0 = Release|Any CPU
		{788DC7C3-46F4-405F-D9EC-C376437CEB0E}.Debug|Any CPU.ActiveCfg = Debug|Any CPU
		{788DC7C3-46F4-405F-D9EC-C376437CEB0E}.Debug|Any CPU.Build.0 = Debug|Any CPU
		{788DC7C3-46F4-405F-D9EC-C376437CEB0E}.Release|Any CPU.ActiveCfg = Release|Any CPU
		{788DC7C3-46F4-405F-D9EC-C376437CEB0E}.Release|Any CPU.Build.0 = Release|Any CPU
		{86418FC1-7F2A-8A53-B989-35639DE09FE2}.Debug|Any CPU.ActiveCfg = Debug|Any CPU
		{86418FC1-7F2A-8A53-B989-35639DE09FE2}.Debug|Any CPU.Build.0 = Debug|Any CPU
		{86418FC1-7F2A-8A53-B989-35639DE09FE2}.Release|Any CPU.ActiveCfg = Release|Any CPU
		{86418FC1-7F2A-8A53-B989-35639DE09FE2}.Release|Any CPU.Build.0 = Release|Any CPU
		{CE08A2D9-0484-45F1-AFE8-A6527C09EE37}.Debug|Any CPU.ActiveCfg = Debug|Any CPU
		{CE08A2D9-0484-45F1-AFE8-A6527C09EE37}.Debug|Any CPU.Build.0 = Debug|Any CPU
		{CE08A2D9-0484-45F1-AFE8-A6527C09EE37}.Release|Any CPU.ActiveCfg = Release|Any CPU
		{CE08A2D9-0484-45F1-AFE8-A6527C09EE37}.Release|Any CPU.Build.0 = Release|Any CPU
		{7B27618F-6D1F-1E17-C9CC-59E8FAC42654}.Debug|Any CPU.ActiveCfg = Debug|Any CPU
		{7B27618F-6D1F-1E17-C9CC-59E8FAC42654}.Debug|Any CPU.Build.0 = Debug|Any CPU
		{7B27618F-6D1F-1E17-C9CC-59E8FAC42654}.Release|Any CPU.ActiveCfg = Release|Any CPU
		{7B27618F-6D1F-1E17-C9CC-59E8FAC42654}.Release|Any CPU.Build.0 = Release|Any CPU
		{4522043B-D11C-FF28-3F60-F6C4235CD026}.Debug|Any CPU.ActiveCfg = Debug|Any CPU
		{4522043B-D11C-FF28-3F60-F6C4235CD026}.Debug|Any CPU.Build.0 = Debug|Any CPU
		{4522043B-D11C-FF28-3F60-F6C4235CD026}.Release|Any CPU.ActiveCfg = Release|Any CPU
		{4522043B-D11C-FF28-3F60-F6C4235CD026}.Release|Any CPU.Build.0 = Release|Any CPU
		{92C5D375-37C4-5EF8-E49E-E153DF6C560E}.Debug|Any CPU.ActiveCfg = Debug|Any CPU
		{92C5D375-37C4-5EF8-E49E-E153DF6C560E}.Debug|Any CPU.Build.0 = Debug|Any CPU
		{92C5D375-37C4-5EF8-E49E-E153DF6C560E}.Release|Any CPU.ActiveCfg = Release|Any CPU
		{92C5D375-37C4-5EF8-E49E-E153DF6C560E}.Release|Any CPU.Build.0 = Release|Any CPU
		{242E6113-8836-9F98-66C7-3EB1C5759A6A}.Debug|Any CPU.ActiveCfg = Debug|Any CPU
		{242E6113-8836-9F98-66C7-3EB1C5759A6A}.Debug|Any CPU.Build.0 = Debug|Any CPU
		{242E6113-8836-9F98-66C7-3EB1C5759A6A}.Release|Any CPU.ActiveCfg = Release|Any CPU
		{242E6113-8836-9F98-66C7-3EB1C5759A6A}.Release|Any CPU.Build.0 = Release|Any CPU
		{9D8E635B-A028-DA26-C16B-C2568B65692D}.Debug|Any CPU.ActiveCfg = Debug|Any CPU
		{9D8E635B-A028-DA26-C16B-C2568B65692D}.Debug|Any CPU.Build.0 = Debug|Any CPU
		{9D8E635B-A028-DA26-C16B-C2568B65692D}.Release|Any CPU.ActiveCfg = Release|Any CPU
		{9D8E635B-A028-DA26-C16B-C2568B65692D}.Release|Any CPU.Build.0 = Release|Any CPU
		{A2C1620D-A807-5B8B-9E3A-8A176CB864AD}.Debug|Any CPU.ActiveCfg = Debug|Any CPU
		{A2C1620D-A807-5B8B-9E3A-8A176CB864AD}.Debug|Any CPU.Build.0 = Debug|Any CPU
		{A2C1620D-A807-5B8B-9E3A-8A176CB864AD}.Release|Any CPU.ActiveCfg = Release|Any CPU
		{A2C1620D-A807-5B8B-9E3A-8A176CB864AD}.Release|Any CPU.Build.0 = Release|Any CPU
		{4D532537-0CEF-4517-EFD9-DA842F85EECD}.Debug|Any CPU.ActiveCfg = Debug|Any CPU
		{4D532537-0CEF-4517-EFD9-DA842F85EECD}.Debug|Any CPU.Build.0 = Debug|Any CPU
		{4D532537-0CEF-4517-EFD9-DA842F85EECD}.Release|Any CPU.ActiveCfg = Release|Any CPU
		{4D532537-0CEF-4517-EFD9-DA842F85EECD}.Release|Any CPU.Build.0 = Release|Any CPU
		{D69F2F38-C7E9-0221-A71F-6B856B595D34}.Debug|Any CPU.ActiveCfg = Debug|Any CPU
		{D69F2F38-C7E9-0221-A71F-6B856B595D34}.Debug|Any CPU.Build.0 = Debug|Any CPU
		{D69F2F38-C7E9-0221-A71F-6B856B595D34}.Release|Any CPU.ActiveCfg = Release|Any CPU
		{D69F2F38-C7E9-0221-A71F-6B856B595D34}.Release|Any CPU.Build.0 = Release|Any CPU
		{F1211284-2292-F1D6-C30E-E40171BED2A3}.Debug|Any CPU.ActiveCfg = Debug|Any CPU
		{F1211284-2292-F1D6-C30E-E40171BED2A3}.Debug|Any CPU.Build.0 = Debug|Any CPU
		{F1211284-2292-F1D6-C30E-E40171BED2A3}.Release|Any CPU.ActiveCfg = Release|Any CPU
		{F1211284-2292-F1D6-C30E-E40171BED2A3}.Release|Any CPU.Build.0 = Release|Any CPU
		{6068961A-FAD6-9433-62D0-64F8D29F169E}.Debug|Any CPU.ActiveCfg = Debug|Any CPU
		{6068961A-FAD6-9433-62D0-64F8D29F169E}.Debug|Any CPU.Build.0 = Debug|Any CPU
		{6068961A-FAD6-9433-62D0-64F8D29F169E}.Release|Any CPU.ActiveCfg = Release|Any CPU
		{6068961A-FAD6-9433-62D0-64F8D29F169E}.Release|Any CPU.Build.0 = Release|Any CPU
		{E1C69652-EA46-E74B-6875-E1DD40DE10BA}.Debug|Any CPU.ActiveCfg = Debug|Any CPU
		{E1C69652-EA46-E74B-6875-E1DD40DE10BA}.Debug|Any CPU.Build.0 = Debug|Any CPU
		{E1C69652-EA46-E74B-6875-E1DD40DE10BA}.Release|Any CPU.ActiveCfg = Release|Any CPU
		{E1C69652-EA46-E74B-6875-E1DD40DE10BA}.Release|Any CPU.Build.0 = Release|Any CPU
		{1FDEEFB3-543D-A413-C933-D37B3C0FE195}.Debug|Any CPU.ActiveCfg = Debug|Any CPU
		{1FDEEFB3-543D-A413-C933-D37B3C0FE195}.Debug|Any CPU.Build.0 = Debug|Any CPU
		{1FDEEFB3-543D-A413-C933-D37B3C0FE195}.Release|Any CPU.ActiveCfg = Release|Any CPU
		{1FDEEFB3-543D-A413-C933-D37B3C0FE195}.Release|Any CPU.Build.0 = Release|Any CPU
		{5219CBC7-ADBE-B482-43E3-A00B591E5B26}.Debug|Any CPU.ActiveCfg = Debug|Any CPU
		{5219CBC7-ADBE-B482-43E3-A00B591E5B26}.Debug|Any CPU.Build.0 = Debug|Any CPU
		{5219CBC7-ADBE-B482-43E3-A00B591E5B26}.Release|Any CPU.ActiveCfg = Release|Any CPU
		{5219CBC7-ADBE-B482-43E3-A00B591E5B26}.Release|Any CPU.Build.0 = Release|Any CPU
		{84370077-0A98-0168-5F3A-B2EA0FDE5FD3}.Debug|Any CPU.ActiveCfg = Debug|Any CPU
		{84370077-0A98-0168-5F3A-B2EA0FDE5FD3}.Debug|Any CPU.Build.0 = Debug|Any CPU
		{84370077-0A98-0168-5F3A-B2EA0FDE5FD3}.Release|Any CPU.ActiveCfg = Release|Any CPU
		{84370077-0A98-0168-5F3A-B2EA0FDE5FD3}.Release|Any CPU.Build.0 = Release|Any CPU
		{9A3C2E9E-1AB0-4292-3E5B-9D7521A5D925}.Debug|Any CPU.ActiveCfg = Debug|Any CPU
		{9A3C2E9E-1AB0-4292-3E5B-9D7521A5D925}.Debug|Any CPU.Build.0 = Debug|Any CPU
		{9A3C2E9E-1AB0-4292-3E5B-9D7521A5D925}.Release|Any CPU.ActiveCfg = Release|Any CPU
		{9A3C2E9E-1AB0-4292-3E5B-9D7521A5D925}.Release|Any CPU.Build.0 = Release|Any CPU
		{44233360-0FF1-351B-A154-A6FC1E1ADF7D}.Debug|Any CPU.ActiveCfg = Debug|Any CPU
		{44233360-0FF1-351B-A154-A6FC1E1ADF7D}.Debug|Any CPU.Build.0 = Debug|Any CPU
		{44233360-0FF1-351B-A154-A6FC1E1ADF7D}.Release|Any CPU.ActiveCfg = Release|Any CPU
		{44233360-0FF1-351B-A154-A6FC1E1ADF7D}.Release|Any CPU.Build.0 = Release|Any CPU
		{D5E35011-0AC9-692E-2191-D834936D7E90}.Debug|Any CPU.ActiveCfg = Debug|Any CPU
		{D5E35011-0AC9-692E-2191-D834936D7E90}.Debug|Any CPU.Build.0 = Debug|Any CPU
		{D5E35011-0AC9-692E-2191-D834936D7E90}.Release|Any CPU.ActiveCfg = Release|Any CPU
		{D5E35011-0AC9-692E-2191-D834936D7E90}.Release|Any CPU.Build.0 = Release|Any CPU
	EndGlobalSection
	GlobalSection(SolutionProperties) = preSolution
		HideSolutionNode = FALSE
	EndGlobalSection
EndGlobal
